
Microsoft Visual Studio Solution File, Format Version 12.00
# Visual Studio Version 17
VisualStudioVersion = 17.14.36511.14
MinimumVisualStudioVersion = 10.0.40219.1
Project("{2150E333-8FDC-42A3-9474-1A3956D46DE8}") = "Task0", "Task0", "{02EA681E-C7D8-13C7-8484-4AC65E1B71E8}"
EndProject
Project("{FAE04EC0-301F-11D3-BF4B-00C04F79EFBC}") = "Tyuiu.EgorovAD.Sprint3.Task0.V16", "Tyuiu.EgorovAD.Sprint3.Task0.V16\Tyuiu.EgorovAD.Sprint3.Task0.V16.csproj", "{D9992783-3257-4330-BB16-BE8F0127A872}"
EndProject
Project("{FAE04EC0-301F-11D3-BF4B-00C04F79EFBC}") = "Tyuiu.EgorovAD.Sprint3.Task0.V16.Lib", "Tyuiu.EgorovAD.Sprint3.Task0.V16.Lib\Tyuiu.EgorovAD.Sprint3.Task0.V16.Lib.csproj", "{3BE13AEB-7A61-4741-83FB-E414E4BA20A8}"
EndProject
Project("{FAE04EC0-301F-11D3-BF4B-00C04F79EFBC}") = "Tyuiu.EgorovAD.Sprint3.Task0.V16.Test", "Tyuiu.EgorovAD.Sprint3.Task0.V16.Test\Tyuiu.EgorovAD.Sprint3.Task0.V16.Test.csproj", "{C5CA2A35-058B-4023-9FC3-419942274B86}"
EndProject
Project("{2150E333-8FDC-42A3-9474-1A3956D46DE8}") = "Task2", "Task2", "{FA1B2A3E-357A-499D-A1F4-420ABE13303F}"
EndProject
Project("{FAE04EC0-301F-11D3-BF4B-00C04F79EFBC}") = "Tyuiu.EgorovAD.Sprint3.Task2.V26", "Tyuiu.EgorovAD.Sprint3.Task2.V26\Tyuiu.EgorovAD.Sprint3.Task2.V26.csproj", "{5E371865-5BBD-4B29-B653-061AB8CF85F4}"
EndProject
Project("{FAE04EC0-301F-11D3-BF4B-00C04F79EFBC}") = "Tyuiu.EgorovAD.Sprint3.Task2.V26.Lib", "Tyuiu.EgorovAD.Sprint3.Task2.V26.Lib\Tyuiu.EgorovAD.Sprint3.Task2.V26.Lib.csproj", "{0AD3B256-259B-43E9-AA1D-893A38001618}"
EndProject
Project("{FAE04EC0-301F-11D3-BF4B-00C04F79EFBC}") = "Tyuiu.EgorovAD.Sprint3.Task2.V26.Test", "Tyuiu.EgorovAD.Sprint3.Task2.V26.Test\Tyuiu.EgorovAD.Sprint3.Task2.V26.Test.csproj", "{6059448B-FE68-41EC-BDAB-243928FABAE0}"
EndProject
Project("{2150E333-8FDC-42A3-9474-1A3956D46DE8}") = "Task1", "Task1", "{47029BC9-E2B5-4000-AC1C-EE83BA4975C2}"
EndProject
Project("{FAE04EC0-301F-11D3-BF4B-00C04F79EFBC}") = "Tyuiu.EgorovAD.Sprint3.Task1.V26", "Tyuiu.EgorovAD.Sprint3.Task1.V26\Tyuiu.EgorovAD.Sprint3.Task1.V26.csproj", "{72FC6608-0639-4A30-B870-278C544B8BF5}"
EndProject
Project("{FAE04EC0-301F-11D3-BF4B-00C04F79EFBC}") = "Tyuiu.EgorovAD.Sprint3.Task1.V26.Lib", "Tyuiu.EgorovAD.Sprint3.Task1.V26.Lib\Tyuiu.EgorovAD.Sprint3.Task1.V26.Lib.csproj", "{8C83FE22-A977-4A8E-AC89-807F65E0E91D}"
EndProject
Project("{FAE04EC0-301F-11D3-BF4B-00C04F79EFBC}") = "Tyuiu.EgorovAD.Sprint3.Task1.V26.Test", "Tyuiu.EgorovAD.Sprint3.Task1.V26.Test\Tyuiu.EgorovAD.Sprint3.Task1.V26.Test.csproj", "{99C823CE-FC10-4B97-8B9D-D5F917089D12}"
EndProject
Project("{FAE04EC0-301F-11D3-BF4B-00C04F79EFBC}") = "Tyuiu.EgorovAD.Sprint3.Task3.V25", "Tyuiu.EgorovAD.Sprint3.Task3.V25\Tyuiu.EgorovAD.Sprint3.Task3.V25.csproj", "{4159B10F-2CDB-48FF-A786-F67C5E3771FA}"
EndProject
Project("{2150E333-8FDC-42A3-9474-1A3956D46DE8}") = "Task3", "Task3", "{2BBAB291-75F5-49D0-9477-2419E13870D4}"
EndProject
Project("{FAE04EC0-301F-11D3-BF4B-00C04F79EFBC}") = "Tyuiu.EgorovAD.Sprint3.Task3.V25.Lib", "Tyuiu.EgorovAD.Sprint3.Task3.V25.Lib\Tyuiu.EgorovAD.Sprint3.Task3.V25.Lib.csproj", "{BF7152BD-9741-4C3A-90F9-842A4AFD6B1A}"
EndProject
Project("{FAE04EC0-301F-11D3-BF4B-00C04F79EFBC}") = "Tyuiu.EgorovAD.Sprint3.Task3.V25.Test", "Tyuiu.EgorovAD.Sprint3.Task3.V25.Test\Tyuiu.EgorovAD.Sprint3.Task3.V25.Test.csproj", "{F4A02548-00FD-4651-836A-F58DC0508B8F}"
EndProject
Project("{2150E333-8FDC-42A3-9474-1A3956D46DE8}") = "Task4", "Task4", "{F8167647-F0AD-44E1-BDE9-141E9B428584}"
EndProject
Project("{FAE04EC0-301F-11D3-BF4B-00C04F79EFBC}") = "Tyuiu.EgorovAD.Sprint3.Task4.V2", "Tyuiu.EgorovAD.Sprint3.Task4.V2\Tyuiu.EgorovAD.Sprint3.Task4.V2.csproj", "{DB38DB1F-7506-42BB-A3BC-D82F41E037B8}"
EndProject
Project("{FAE04EC0-301F-11D3-BF4B-00C04F79EFBC}") = "Tyuiu.EgorovAD.Sprint3.Task4.V2.Lib", "Tyuiu.EgorovAD.Sprint3.Task4.V2.Lib\Tyuiu.EgorovAD.Sprint3.Task4.V2.Lib.csproj", "{7E657C9C-50E9-4DC9-AA16-312C25B11BEF}"
EndProject
Project("{FAE04EC0-301F-11D3-BF4B-00C04F79EFBC}") = "Tyuiu.EgorovAD.Sprint3.Task4.V2.Test", "Tyuiu.EgorovAD.Sprint3.Task4.V2.Test\Tyuiu.EgorovAD.Sprint3.Task4.V2.Test.csproj", "{10E3B500-B1F4-4A17-952C-9F8A72B8B13C}"
EndProject
Project("{2150E333-8FDC-42A3-9474-1A3956D46DE8}") = "Task5", "Task5", "{9425B942-1876-44D3-8CE0-4A13785774B8}"
EndProject
Project("{FAE04EC0-301F-11D3-BF4B-00C04F79EFBC}") = "Tyuiu.EgorovAD.Sprint3.Task5.V30", "Tyuiu.EgorovAD.Sprint3.Task5.V30\Tyuiu.EgorovAD.Sprint3.Task5.V30.csproj", "{EFEC76B9-5DFC-45B0-BADA-AD28DD57602A}"
EndProject
Project("{FAE04EC0-301F-11D3-BF4B-00C04F79EFBC}") = "Tyuiu.EgorovAD.Sprint3.Task5.V30.Lib", "Tyuiu.EgorovAD.Sprint3.Task5.V30.Lib\Tyuiu.EgorovAD.Sprint3.Task5.V30.Lib.csproj", "{58A1CF82-D5D4-4C78-9362-A1955B345F04}"
EndProject
Project("{FAE04EC0-301F-11D3-BF4B-00C04F79EFBC}") = "Tyuiu.EgorovAD.Sprint3.Task5.V30.Test", "Tyuiu.EgorovAD.Sprint3.Task5.V30.Test\Tyuiu.EgorovAD.Sprint3.Task5.V30.Test.csproj", "{C90E7E79-326A-4387-91B4-16989BE50D61}"
EndProject
Global
	GlobalSection(SolutionConfigurationPlatforms) = preSolution
		Debug|Any CPU = Debug|Any CPU
		Release|Any CPU = Release|Any CPU
	EndGlobalSection
	GlobalSection(ProjectConfigurationPlatforms) = postSolution
		{D9992783-3257-4330-BB16-BE8F0127A872}.Debug|Any CPU.ActiveCfg = Debug|Any CPU
		{D9992783-3257-4330-BB16-BE8F0127A872}.Debug|Any CPU.Build.0 = Debug|Any CPU
		{D9992783-3257-4330-BB16-BE8F0127A872}.Release|Any CPU.ActiveCfg = Release|Any CPU
		{D9992783-3257-4330-BB16-BE8F0127A872}.Release|Any CPU.Build.0 = Release|Any CPU
		{3BE13AEB-7A61-4741-83FB-E414E4BA20A8}.Debug|Any CPU.ActiveCfg = Debug|Any CPU
		{3BE13AEB-7A61-4741-83FB-E414E4BA20A8}.Debug|Any CPU.Build.0 = Debug|Any CPU
		{3BE13AEB-7A61-4741-83FB-E414E4BA20A8}.Release|Any CPU.ActiveCfg = Release|Any CPU
		{3BE13AEB-7A61-4741-83FB-E414E4BA20A8}.Release|Any CPU.Build.0 = Release|Any CPU
		{C5CA2A35-058B-4023-9FC3-419942274B86}.Debug|Any CPU.ActiveCfg = Debug|Any CPU
		{C5CA2A35-058B-4023-9FC3-419942274B86}.Debug|Any CPU.Build.0 = Debug|Any CPU
		{C5CA2A35-058B-4023-9FC3-419942274B86}.Release|Any CPU.ActiveCfg = Release|Any CPU
		{C5CA2A35-058B-4023-9FC3-419942274B86}.Release|Any CPU.Build.0 = Release|Any CPU
		{5E371865-5BBD-4B29-B653-061AB8CF85F4}.Debug|Any CPU.ActiveCfg = Debug|Any CPU
		{5E371865-5BBD-4B29-B653-061AB8CF85F4}.Debug|Any CPU.Build.0 = Debug|Any CPU
		{5E371865-5BBD-4B29-B653-061AB8CF85F4}.Release|Any CPU.ActiveCfg = Release|Any CPU
		{5E371865-5BBD-4B29-B653-061AB8CF85F4}.Release|Any CPU.Build.0 = Release|Any CPU
		{0AD3B256-259B-43E9-AA1D-893A38001618}.Debug|Any CPU.ActiveCfg = Debug|Any CPU
		{0AD3B256-259B-43E9-AA1D-893A38001618}.Debug|Any CPU.Build.0 = Debug|Any CPU
		{0AD3B256-259B-43E9-AA1D-893A38001618}.Release|Any CPU.ActiveCfg = Release|Any CPU
		{0AD3B256-259B-43E9-AA1D-893A38001618}.Release|Any CPU.Build.0 = Release|Any CPU
		{6059448B-FE68-41EC-BDAB-243928FABAE0}.Debug|Any CPU.ActiveCfg = Debug|Any CPU
		{6059448B-FE68-41EC-BDAB-243928FABAE0}.Debug|Any CPU.Build.0 = Debug|Any CPU
		{6059448B-FE68-41EC-BDAB-243928FABAE0}.Release|Any CPU.ActiveCfg = Release|Any CPU
		{6059448B-FE68-41EC-BDAB-243928FABAE0}.Release|Any CPU.Build.0 = Release|Any CPU
		{72FC6608-0639-4A30-B870-278C544B8BF5}.Debug|Any CPU.ActiveCfg = Debug|Any CPU
		{72FC6608-0639-4A30-B870-278C544B8BF5}.Debug|Any CPU.Build.0 = Debug|Any CPU
		{72FC6608-0639-4A30-B870-278C544B8BF5}.Release|Any CPU.ActiveCfg = Release|Any CPU
		{72FC6608-0639-4A30-B870-278C544B8BF5}.Release|Any CPU.Build.0 = Release|Any CPU
		{8C83FE22-A977-4A8E-AC89-807F65E0E91D}.Debug|Any CPU.ActiveCfg = Debug|Any CPU
		{8C83FE22-A977-4A8E-AC89-807F65E0E91D}.Debug|Any CPU.Build.0 = Debug|Any CPU
		{8C83FE22-A977-4A8E-AC89-807F65E0E91D}.Release|Any CPU.ActiveCfg = Release|Any CPU
		{8C83FE22-A977-4A8E-AC89-807F65E0E91D}.Release|Any CPU.Build.0 = Release|Any CPU
		{99C823CE-FC10-4B97-8B9D-D5F917089D12}.Debug|Any CPU.ActiveCfg = Debug|Any CPU
		{99C823CE-FC10-4B97-8B9D-D5F917089D12}.Debug|Any CPU.Build.0 = Debug|Any CPU
		{99C823CE-FC10-4B97-8B9D-D5F917089D12}.Release|Any CPU.ActiveCfg = Release|Any CPU
		{99C823CE-FC10-4B97-8B9D-D5F917089D12}.Release|Any CPU.Build.0 = Release|Any CPU
		{4159B10F-2CDB-48FF-A786-F67C5E3771FA}.Debug|Any CPU.ActiveCfg = Debug|Any CPU
		{4159B10F-2CDB-48FF-A786-F67C5E3771FA}.Debug|Any CPU.Build.0 = Debug|Any CPU
		{4159B10F-2CDB-48FF-A786-F67C5E3771FA}.Release|Any CPU.ActiveCfg = Release|Any CPU
		{4159B10F-2CDB-48FF-A786-F67C5E3771FA}.Release|Any CPU.Build.0 = Release|Any CPU
		{BF7152BD-9741-4C3A-90F9-842A4AFD6B1A}.Debug|Any CPU.ActiveCfg = Debug|Any CPU
		{BF7152BD-9741-4C3A-90F9-842A4AFD6B1A}.Debug|Any CPU.Build.0 = Debug|Any CPU
		{BF7152BD-9741-4C3A-90F9-842A4AFD6B1A}.Release|Any CPU.ActiveCfg = Release|Any CPU
		{BF7152BD-9741-4C3A-90F9-842A4AFD6B1A}.Release|Any CPU.Build.0 = Release|Any CPU
		{F4A02548-00FD-4651-836A-F58DC0508B8F}.Debug|Any CPU.ActiveCfg = Debug|Any CPU
		{F4A02548-00FD-4651-836A-F58DC0508B8F}.Debug|Any CPU.Build.0 = Debug|Any CPU
		{F4A02548-00FD-4651-836A-F58DC0508B8F}.Release|Any CPU.ActiveCfg = Release|Any CPU
		{F4A02548-00FD-4651-836A-F58DC0508B8F}.Release|Any CPU.Build.0 = Release|Any CPU
		{DB38DB1F-7506-42BB-A3BC-D82F41E037B8}.Debug|Any CPU.ActiveCfg = Debug|Any CPU
		{DB38DB1F-7506-42BB-A3BC-D82F41E037B8}.Debug|Any CPU.Build.0 = Debug|Any CPU
		{DB38DB1F-7506-42BB-A3BC-D82F41E037B8}.Release|Any CPU.ActiveCfg = Release|Any CPU
		{DB38DB1F-7506-42BB-A3BC-D82F41E037B8}.Release|Any CPU.Build.0 = Release|Any CPU
		{7E657C9C-50E9-4DC9-AA16-312C25B11BEF}.Debug|Any CPU.ActiveCfg = Debug|Any CPU
		{7E657C9C-50E9-4DC9-AA16-312C25B11BEF}.Debug|Any CPU.Build.0 = Debug|Any CPU
		{7E657C9C-50E9-4DC9-AA16-312C25B11BEF}.Release|Any CPU.ActiveCfg = Release|Any CPU
		{7E657C9C-50E9-4DC9-AA16-312C25B11BEF}.Release|Any CPU.Build.0 = Release|Any CPU
		{10E3B500-B1F4-4A17-952C-9F8A72B8B13C}.Debug|Any CPU.ActiveCfg = Debug|Any CPU
		{10E3B500-B1F4-4A17-952C-9F8A72B8B13C}.Debug|Any CPU.Build.0 = Debug|Any CPU
		{10E3B500-B1F4-4A17-952C-9F8A72B8B13C}.Release|Any CPU.ActiveCfg = Release|Any CPU
		{10E3B500-B1F4-4A17-952C-9F8A72B8B13C}.Release|Any CPU.Build.0 = Release|Any CPU
		{EFEC76B9-5DFC-45B0-BADA-AD28DD57602A}.Debug|Any CPU.ActiveCfg = Debug|Any CPU
		{EFEC76B9-5DFC-45B0-BADA-AD28DD57602A}.Debug|Any CPU.Build.0 = Debug|Any CPU
		{EFEC76B9-5DFC-45B0-BADA-AD28DD57602A}.Release|Any CPU.ActiveCfg = Release|Any CPU
		{EFEC76B9-5DFC-45B0-BADA-AD28DD57602A}.Release|Any CPU.Build.0 = Release|Any CPU
		{58A1CF82-D5D4-4C78-9362-A1955B345F04}.Debug|Any CPU.ActiveCfg = Debug|Any CPU
		{58A1CF82-D5D4-4C78-9362-A1955B345F04}.Debug|Any CPU.Build.0 = Debug|Any CPU
		{58A1CF82-D5D4-4C78-9362-A1955B345F04}.Release|Any CPU.ActiveCfg = Release|Any CPU
		{58A1CF82-D5D4-4C78-9362-A1955B345F04}.Release|Any CPU.Build.0 = Release|Any CPU
		{C90E7E79-326A-4387-91B4-16989BE50D61}.Debug|Any CPU.ActiveCfg = Debug|Any CPU
		{C90E7E79-326A-4387-91B4-16989BE50D61}.Debug|Any CPU.Build.0 = Debug|Any CPU
		{C90E7E79-326A-4387-91B4-16989BE50D61}.Release|Any CPU.ActiveCfg = Release|Any CPU
		{C90E7E79-326A-4387-91B4-16989BE50D61}.Release|Any CPU.Build.0 = Release|Any CPU
	EndGlobalSection
	GlobalSection(SolutionProperties) = preSolution
		HideSolutionNode = FALSE
	EndGlobalSection
	GlobalSection(NestedProjects) = preSolution
		{D9992783-3257-4330-BB16-BE8F0127A872} = {02EA681E-C7D8-13C7-8484-4AC65E1B71E8}
		{3BE13AEB-7A61-4741-83FB-E414E4BA20A8} = {02EA681E-C7D8-13C7-8484-4AC65E1B71E8}
		{C5CA2A35-058B-4023-9FC3-419942274B86} = {02EA681E-C7D8-13C7-8484-4AC65E1B71E8}
		{5E371865-5BBD-4B29-B653-061AB8CF85F4} = {FA1B2A3E-357A-499D-A1F4-420ABE13303F}
		{0AD3B256-259B-43E9-AA1D-893A38001618} = {FA1B2A3E-357A-499D-A1F4-420ABE13303F}
		{6059448B-FE68-41EC-BDAB-243928FABAE0} = {FA1B2A3E-357A-499D-A1F4-420ABE13303F}
		{72FC6608-0639-4A30-B870-278C544B8BF5} = {47029BC9-E2B5-4000-AC1C-EE83BA4975C2}
		{8C83FE22-A977-4A8E-AC89-807F65E0E91D} = {47029BC9-E2B5-4000-AC1C-EE83BA4975C2}
		{99C823CE-FC10-4B97-8B9D-D5F917089D12} = {47029BC9-E2B5-4000-AC1C-EE83BA4975C2}
		{4159B10F-2CDB-48FF-A786-F67C5E3771FA} = {2BBAB291-75F5-49D0-9477-2419E13870D4}
		{BF7152BD-9741-4C3A-90F9-842A4AFD6B1A} = {2BBAB291-75F5-49D0-9477-2419E13870D4}
		{F4A02548-00FD-4651-836A-F58DC0508B8F} = {2BBAB291-75F5-49D0-9477-2419E13870D4}
		{DB38DB1F-7506-42BB-A3BC-D82F41E037B8} = {F8167647-F0AD-44E1-BDE9-141E9B428584}
		{7E657C9C-50E9-4DC9-AA16-312C25B11BEF} = {F8167647-F0AD-44E1-BDE9-141E9B428584}
		{10E3B500-B1F4-4A17-952C-9F8A72B8B13C} = {F8167647-F0AD-44E1-BDE9-141E9B428584}
		{EFEC76B9-5DFC-45B0-BADA-AD28DD57602A} = {9425B942-1876-44D3-8CE0-4A13785774B8}
		{58A1CF82-D5D4-4C78-9362-A1955B345F04} = {9425B942-1876-44D3-8CE0-4A13785774B8}
		{C90E7E79-326A-4387-91B4-16989BE50D61} = {9425B942-1876-44D3-8CE0-4A13785774B8}
	EndGlobalSection
	GlobalSection(ExtensibilityGlobals) = postSolution
		SolutionGuid = {6993AB63-F449-472A-8A7E-F7B61600588B}
	EndGlobalSection
EndGlobal
