
Microsoft Visual Studio Solution File, Format Version 12.00
# Visual Studio Version 17
VisualStudioVersion = 17.14.36511.14 d17.14
MinimumVisualStudioVersion = 10.0.40219.1
Project("{2150E333-8FDC-42A3-9474-1A3956D46DE8}") = "Task0", "Task0", "{02EA681E-C7D8-13C7-8484-4AC65E1B71E8}"
EndProject
Project("{FAE04EC0-301F-11D3-BF4B-00C04F79EFBC}") = "Tyuiu.EgorovAD.Sprint3.Task0.V16", "Tyuiu.EgorovAD.Sprint3.Task0.V16\Tyuiu.EgorovAD.Sprint3.Task0.V16.csproj", "{D9992783-3257-4330-BB16-BE8F0127A872}"
EndProject
Project("{FAE04EC0-301F-11D3-BF4B-00C04F79EFBC}") = "Tyuiu.EgorovAD.Sprint3.Task0.V16.Lib", "Tyuiu.EgorovAD.Sprint3.Task0.V16.Lib\Tyuiu.EgorovAD.Sprint3.Task0.V16.Lib.csproj", "{3BE13AEB-7A61-4741-83FB-E414E4BA20A8}"
EndProject
Project("{FAE04EC0-301F-11D3-BF4B-00C04F79EFBC}") = "Tyuiu.EgorovAD.Sprint3.Task0.V16.Test", "Tyuiu.EgorovAD.Sprint3.Task0.V16.Test\Tyuiu.EgorovAD.Sprint3.Task0.V16.Test.csproj", "{C5CA2A35-058B-4023-9FC3-419942274B86}"
EndProject
Project("{2150E333-8FDC-42A3-9474-1A3956D46DE8}") = "Task2", "Task2", "{FA1B2A3E-357A-499D-A1F4-420ABE13303F}"
EndProject
Project("{FAE04EC0-301F-11D3-BF4B-00C04F79EFBC}") = "Tyuiu.EgorovAD.Sprint3.Task2.V26", "Tyuiu.EgorovAD.Sprint3.Task2.V26\Tyuiu.EgorovAD.Sprint3.Task2.V26.csproj", "{5E371865-5BBD-4B29-B653-061AB8CF85F4}"
EndProject
Project("{FAE04EC0-301F-11D3-BF4B-00C04F79EFBC}") = "Tyuiu.EgorovAD.Sprint3.Task2.V26.Lib", "Tyuiu.EgorovAD.Sprint3.Task2.V26.Lib\Tyuiu.EgorovAD.Sprint3.Task2.V26.Lib.csproj", "{0AD3B256-259B-43E9-AA1D-893A38001618}"
EndProject
Project("{FAE04EC0-301F-11D3-BF4B-00C04F79EFBC}") = "Tyuiu.EgorovAD.Sprint3.Task2.V26.Test", "Tyuiu.EgorovAD.Sprint3.Task2.V26.Test\Tyuiu.EgorovAD.Sprint3.Task2.V26.Test.csproj", "{6059448B-FE68-41EC-BDAB-243928FABAE0}"
EndProject
Project("{2150E333-8FDC-42A3-9474-1A3956D46DE8}") = "Task1", "Task1", "{47029BC9-E2B5-4000-AC1C-EE83BA4975C2}"
EndProject
Project("{FAE04EC0-301F-11D3-BF4B-00C04F79EFBC}") = "Tyuiu.EgorovAD.Sprint3.Task1.V26", "Tyuiu.EgorovAD.Sprint3.Task1.V26\Tyuiu.EgorovAD.Sprint3.Task1.V26.csproj", "{72FC6608-0639-4A30-B870-278C544B8BF5}"
EndProject
Project("{FAE04EC0-301F-11D3-BF4B-00C04F79EFBC}") = "Tyuiu.EgorovAD.Sprint3.Task1.V26.Lib", "Tyuiu.EgorovAD.Sprint3.Task1.V26.Lib\Tyuiu.EgorovAD.Sprint3.Task1.V26.Lib.csproj", "{8C83FE22-A977-4A8E-AC89-807F65E0E91D}"
EndProject
Project("{FAE04EC0-301F-11D3-BF4B-00C04F79EFBC}") = "Tyuiu.EgorovAD.Sprint3.Task1.V26.Test", "Tyuiu.EgorovAD.Sprint3.Task1.V26.Test\Tyuiu.EgorovAD.Sprint3.Task1.V26.Test.csproj", "{99C823CE-FC10-4B97-8B9D-D5F917089D12}"
EndProject
Global
	GlobalSection(SolutionConfigurationPlatforms) = preSolution
		Debug|Any CPU = Debug|Any CPU
		Release|Any CPU = Release|Any CPU
	EndGlobalSection
	GlobalSection(ProjectConfigurationPlatforms) = postSolution
		{D9992783-3257-4330-BB16-BE8F0127A872}.Debug|Any CPU.ActiveCfg = Debug|Any CPU
		{D9992783-3257-4330-BB16-BE8F0127A872}.Debug|Any CPU.Build.0 = Debug|Any CPU
		{D9992783-3257-4330-BB16-BE8F0127A872}.Release|Any CPU.ActiveCfg = Release|Any CPU
		{D9992783-3257-4330-BB16-BE8F0127A872}.Release|Any CPU.Build.0 = Release|Any CPU
		{3BE13AEB-7A61-4741-83FB-E414E4BA20A8}.Debug|Any CPU.ActiveCfg = Debug|Any CPU
		{3BE13AEB-7A61-4741-83FB-E414E4BA20A8}.Debug|Any CPU.Build.0 = Debug|Any CPU
		{3BE13AEB-7A61-4741-83FB-E414E4BA20A8}.Release|Any CPU.ActiveCfg = Release|Any CPU
		{3BE13AEB-7A61-4741-83FB-E414E4BA20A8}.Release|Any CPU.Build.0 = Release|Any CPU
		{C5CA2A35-058B-4023-9FC3-419942274B86}.Debug|Any CPU.ActiveCfg = Debug|Any CPU
		{C5CA2A35-058B-4023-9FC3-419942274B86}.Debug|Any CPU.Build.0 = Debug|Any CPU
		{C5CA2A35-058B-4023-9FC3-419942274B86}.Release|Any CPU.ActiveCfg = Release|Any CPU
		{C5CA2A35-058B-4023-9FC3-419942274B86}.Release|Any CPU.Build.0 = Release|Any CPU
		{5E371865-5BBD-4B29-B653-061AB8CF85F4}.Debug|Any CPU.ActiveCfg = Debug|Any CPU
		{5E371865-5BBD-4B29-B653-061AB8CF85F4}.Debug|Any CPU.Build.0 = Debug|Any CPU
		{5E371865-5BBD-4B29-B653-061AB8CF85F4}.Release|Any CPU.ActiveCfg = Release|Any CPU
		{5E371865-5BBD-4B29-B653-061AB8CF85F4}.Release|Any CPU.Build.0 = Release|Any CPU
		{0AD3B256-259B-43E9-AA1D-893A38001618}.Debug|Any CPU.ActiveCfg = Debug|Any CPU
		{0AD3B256-259B-43E9-AA1D-893A38001618}.Debug|Any CPU.Build.0 = Debug|Any CPU
		{0AD3B256-259B-43E9-AA1D-893A38001618}.Release|Any CPU.ActiveCfg = Release|Any CPU
		{0AD3B256-259B-43E9-AA1D-893A38001618}.Release|Any CPU.Build.0 = Release|Any CPU
		{6059448B-FE68-41EC-BDAB-243928FABAE0}.Debug|Any CPU.ActiveCfg = Debug|Any CPU
		{6059448B-FE68-41EC-BDAB-243928FABAE0}.Debug|Any CPU.Build.0 = Debug|Any CPU
		{6059448B-FE68-41EC-BDAB-243928FABAE0}.Release|Any CPU.ActiveCfg = Release|Any CPU
		{6059448B-FE68-41EC-BDAB-243928FABAE0}.Release|Any CPU.Build.0 = Release|Any CPU
		{72FC6608-0639-4A30-B870-278C544B8BF5}.Debug|Any CPU.ActiveCfg = Debug|Any CPU
		{72FC6608-0639-4A30-B870-278C544B8BF5}.Debug|Any CPU.Build.0 = Debug|Any CPU
		{72FC6608-0639-4A30-B870-278C544B8BF5}.Release|Any CPU.ActiveCfg = Release|Any CPU
		{72FC6608-0639-4A30-B870-278C544B8BF5}.Release|Any CPU.Build.0 = Release|Any CPU
		{8C83FE22-A977-4A8E-AC89-807F65E0E91D}.Debug|Any CPU.ActiveCfg = Debug|Any CPU
		{8C83FE22-A977-4A8E-AC89-807F65E0E91D}.Debug|Any CPU.Build.0 = Debug|Any CPU
		{8C83FE22-A977-4A8E-AC89-807F65E0E91D}.Release|Any CPU.ActiveCfg = Release|Any CPU
		{8C83FE22-A977-4A8E-AC89-807F65E0E91D}.Release|Any CPU.Build.0 = Release|Any CPU
		{99C823CE-FC10-4B97-8B9D-D5F917089D12}.Debug|Any CPU.ActiveCfg = Debug|Any CPU
		{99C823CE-FC10-4B97-8B9D-D5F917089D12}.Debug|Any CPU.Build.0 = Debug|Any CPU
		{99C823CE-FC10-4B97-8B9D-D5F917089D12}.Release|Any CPU.ActiveCfg = Release|Any CPU
		{99C823CE-FC10-4B97-8B9D-D5F917089D12}.Release|Any CPU.Build.0 = Release|Any CPU
	EndGlobalSection
	GlobalSection(SolutionProperties) = preSolution
		HideSolutionNode = FALSE
	EndGlobalSection
	GlobalSection(NestedProjects) = preSolution
		{D9992783-3257-4330-BB16-BE8F0127A872} = {02EA681E-C7D8-13C7-8484-4AC65E1B71E8}
		{3BE13AEB-7A61-4741-83FB-E414E4BA20A8} = {02EA681E-C7D8-13C7-8484-4AC65E1B71E8}
		{C5CA2A35-058B-4023-9FC3-419942274B86} = {02EA681E-C7D8-13C7-8484-4AC65E1B71E8}
		{5E371865-5BBD-4B29-B653-061AB8CF85F4} = {FA1B2A3E-357A-499D-A1F4-420ABE13303F}
		{0AD3B256-259B-43E9-AA1D-893A38001618} = {FA1B2A3E-357A-499D-A1F4-420ABE13303F}
		{6059448B-FE68-41EC-BDAB-243928FABAE0} = {FA1B2A3E-357A-499D-A1F4-420ABE13303F}
		{72FC6608-0639-4A30-B870-278C544B8BF5} = {47029BC9-E2B5-4000-AC1C-EE83BA4975C2}
		{8C83FE22-A977-4A8E-AC89-807F65E0E91D} = {47029BC9-E2B5-4000-AC1C-EE83BA4975C2}
		{99C823CE-FC10-4B97-8B9D-D5F917089D12} = {47029BC9-E2B5-4000-AC1C-EE83BA4975C2}
	EndGlobalSection
	GlobalSection(ExtensibilityGlobals) = postSolution
		SolutionGuid = {6993AB63-F449-472A-8A7E-F7B61600588B}
	EndGlobalSection
EndGlobal
