
Microsoft Visual Studio Solution File, Format Version 12.00
# Visual Studio Version 17
VisualStudioVersion = 17.14.36511.14 d17.14
MinimumVisualStudioVersion = 10.0.40219.1
Project("{2150E333-8FDC-42A3-9474-1A3956D46DE8}") = "Task0", "Task0", "{02EA681E-C7D8-13C7-8484-4AC65E1B71E8}"
EndProject
Project("{FAE04EC0-301F-11D3-BF4B-00C04F79EFBC}") = "Tyuiu.EgorovAD.Sprint3.Task0.V16", "Tyuiu.EgorovAD.Sprint3.Task0.V16\Tyuiu.EgorovAD.Sprint3.Task0.V16.csproj", "{D9992783-3257-4330-BB16-BE8F0127A872}"
EndProject
Project("{FAE04EC0-301F-11D3-BF4B-00C04F79EFBC}") = "Tyuiu.EgorovAD.Sprint3.Task0.V16.Lib", "Tyuiu.EgorovAD.Sprint3.Task0.V16.Lib\Tyuiu.EgorovAD.Sprint3.Task0.V16.Lib.csproj", "{3BE13AEB-7A61-4741-83FB-E414E4BA20A8}"
EndProject
Project("{FAE04EC0-301F-11D3-BF4B-00C04F79EFBC}") = "Tyuiu.EgorovAD.Sprint3.Task0.V16.Test", "Tyuiu.EgorovAD.Sprint3.Task0.V16.Test\Tyuiu.EgorovAD.Sprint3.Task0.V16.Test.csproj", "{C5CA2A35-058B-4023-9FC3-419942274B86}"
EndProject
Project("{2150E333-8FDC-42A3-9474-1A3956D46DE8}") = "Task1", "Task1", "{BB5731CD-B884-4E23-A2C1-09C16CBFC7E2}"
EndProject
Project("{FAE04EC0-301F-11D3-BF4B-00C04F79EFBC}") = "Tyuiu.EgorovAD.Sprint3.Task1.V26", "Tyuiu.EgorovAD.Sprint3.Task1.V26\Tyuiu.EgorovAD.Sprint3.Task1.V26.csproj", "{24457CA7-23CF-41B4-AE5F-DDA44F75F174}"
EndProject
Project("{FAE04EC0-301F-11D3-BF4B-00C04F79EFBC}") = "Tyuiu.EgorovAD.Sprint3.Task1.V26.Lib", "Tyuiu.EgorovAD.Sprint3.Task1.V26.Lib\Tyuiu.EgorovAD.Sprint3.Task1.V26.Lib.csproj", "{6E3B917E-FAAD-4C2F-97EE-D3A405D5AB10}"
EndProject
Project("{FAE04EC0-301F-11D3-BF4B-00C04F79EFBC}") = "Tyuiu.EgorovAD.Sprint3.Task1.V26.Test", "Tyuiu.EgorovAD.Sprint3.Task1.V26.Test\Tyuiu.EgorovAD.Sprint3.Task1.V26.Test.csproj", "{24ED5248-F8BC-4AAE-927D-54791C0ADB05}"
EndProject
Global
	GlobalSection(SolutionConfigurationPlatforms) = preSolution
		Debug|Any CPU = Debug|Any CPU
		Release|Any CPU = Release|Any CPU
	EndGlobalSection
	GlobalSection(ProjectConfigurationPlatforms) = postSolution
		{D9992783-3257-4330-BB16-BE8F0127A872}.Debug|Any CPU.ActiveCfg = Debug|Any CPU
		{D9992783-3257-4330-BB16-BE8F0127A872}.Debug|Any CPU.Build.0 = Debug|Any CPU
		{D9992783-3257-4330-BB16-BE8F0127A872}.Release|Any CPU.ActiveCfg = Release|Any CPU
		{D9992783-3257-4330-BB16-BE8F0127A872}.Release|Any CPU.Build.0 = Release|Any CPU
		{3BE13AEB-7A61-4741-83FB-E414E4BA20A8}.Debug|Any CPU.ActiveCfg = Debug|Any CPU
		{3BE13AEB-7A61-4741-83FB-E414E4BA20A8}.Debug|Any CPU.Build.0 = Debug|Any CPU
		{3BE13AEB-7A61-4741-83FB-E414E4BA20A8}.Release|Any CPU.ActiveCfg = Release|Any CPU
		{3BE13AEB-7A61-4741-83FB-E414E4BA20A8}.Release|Any CPU.Build.0 = Release|Any CPU
		{C5CA2A35-058B-4023-9FC3-419942274B86}.Debug|Any CPU.ActiveCfg = Debug|Any CPU
		{C5CA2A35-058B-4023-9FC3-419942274B86}.Debug|Any CPU.Build.0 = Debug|Any CPU
		{C5CA2A35-058B-4023-9FC3-419942274B86}.Release|Any CPU.ActiveCfg = Release|Any CPU
		{C5CA2A35-058B-4023-9FC3-419942274B86}.Release|Any CPU.Build.0 = Release|Any CPU
		{24457CA7-23CF-41B4-AE5F-DDA44F75F174}.Debug|Any CPU.ActiveCfg = Debug|Any CPU
		{24457CA7-23CF-41B4-AE5F-DDA44F75F174}.Debug|Any CPU.Build.0 = Debug|Any CPU
		{24457CA7-23CF-41B4-AE5F-DDA44F75F174}.Release|Any CPU.ActiveCfg = Release|Any CPU
		{24457CA7-23CF-41B4-AE5F-DDA44F75F174}.Release|Any CPU.Build.0 = Release|Any CPU
		{6E3B917E-FAAD-4C2F-97EE-D3A405D5AB10}.Debug|Any CPU.ActiveCfg = Debug|Any CPU
		{6E3B917E-FAAD-4C2F-97EE-D3A405D5AB10}.Debug|Any CPU.Build.0 = Debug|Any CPU
		{6E3B917E-FAAD-4C2F-97EE-D3A405D5AB10}.Release|Any CPU.ActiveCfg = Release|Any CPU
		{6E3B917E-FAAD-4C2F-97EE-D3A405D5AB10}.Release|Any CPU.Build.0 = Release|Any CPU
		{24ED5248-F8BC-4AAE-927D-54791C0ADB05}.Debug|Any CPU.ActiveCfg = Debug|Any CPU
		{24ED5248-F8BC-4AAE-927D-54791C0ADB05}.Debug|Any CPU.Build.0 = Debug|Any CPU
		{24ED5248-F8BC-4AAE-927D-54791C0ADB05}.Release|Any CPU.ActiveCfg = Release|Any CPU
		{24ED5248-F8BC-4AAE-927D-54791C0ADB05}.Release|Any CPU.Build.0 = Release|Any CPU
	EndGlobalSection
	GlobalSection(SolutionProperties) = preSolution
		HideSolutionNode = FALSE
	EndGlobalSection
	GlobalSection(NestedProjects) = preSolution
		{D9992783-3257-4330-BB16-BE8F0127A872} = {02EA681E-C7D8-13C7-8484-4AC65E1B71E8}
		{3BE13AEB-7A61-4741-83FB-E414E4BA20A8} = {02EA681E-C7D8-13C7-8484-4AC65E1B71E8}
		{C5CA2A35-058B-4023-9FC3-419942274B86} = {02EA681E-C7D8-13C7-8484-4AC65E1B71E8}
		{24457CA7-23CF-41B4-AE5F-DDA44F75F174} = {BB5731CD-B884-4E23-A2C1-09C16CBFC7E2}
		{6E3B917E-FAAD-4C2F-97EE-D3A405D5AB10} = {BB5731CD-B884-4E23-A2C1-09C16CBFC7E2}
		{24ED5248-F8BC-4AAE-927D-54791C0ADB05} = {BB5731CD-B884-4E23-A2C1-09C16CBFC7E2}
	EndGlobalSection
	GlobalSection(ExtensibilityGlobals) = postSolution
		SolutionGuid = {6993AB63-F449-472A-8A7E-F7B61600588B}
	EndGlobalSection
EndGlobal
